
Microsoft Visual Studio Solution File, Format Version 12.00
# Visual Studio Version 17
VisualStudioVersion = 17.10.35201.131
MinimumVisualStudioVersion = 10.0.40219.1
Project("{9A19103F-16F7-4668-BE54-9A1E7A4F7556}") = "RabbitMQ-Consumer.API", "RabbitMQ-Consumer.API\RabbitMQ-Consumer.API.csproj", "{130EC71B-82FB-42FF-95E3-2EEBF487897C}"
EndProject
Project("{9A19103F-16F7-4668-BE54-9A1E7A4F7556}") = "RabbitMQ-Producer.API", "RabbitMQ-Producer.API\RabbitMQ-Producer.API.csproj", "{5168D067-BF8B-4F04-A86D-6B4FA5C82E4A}"
EndProject
Project("{9A19103F-16F7-4668-BE54-9A1E7A4F7556}") = "RabbitMQ-Commons", "Commons\RabbitMQ-Commons.csproj", "{8B89D714-5A27-4D11-B1F8-1AC728813FBB}"
EndProject
Project("{9A19103F-16F7-4668-BE54-9A1E7A4F7556}") = "PgNotify-Consumer.API", "..\..\..\Pg\Pg-Notify\PgNotify-Consumer.API\PgNotify-Consumer.API.csproj", "{1CFEB910-4A91-4B18-BA98-5FD1701A4453}"
EndProject
Project("{9A19103F-16F7-4668-BE54-9A1E7A4F7556}") = "PgNotify-Producer.API", "..\..\..\Pg\Pg-Notify\PgNotify-Producer.API\PgNotify-Producer.API.csproj", "{A6ED91DE-497A-4AC1-AC47-961823B3ED0C}"
EndProject
Global
	GlobalSection(SolutionConfigurationPlatforms) = preSolution
		Debug|Any CPU = Debug|Any CPU
		Release|Any CPU = Release|Any CPU
	EndGlobalSection
	GlobalSection(ProjectConfigurationPlatforms) = postSolution
		{130EC71B-82FB-42FF-95E3-2EEBF487897C}.Debug|Any CPU.ActiveCfg = Debug|Any CPU
		{130EC71B-82FB-42FF-95E3-2EEBF487897C}.Debug|Any CPU.Build.0 = Debug|Any CPU
		{130EC71B-82FB-42FF-95E3-2EEBF487897C}.Release|Any CPU.ActiveCfg = Release|Any CPU
		{130EC71B-82FB-42FF-95E3-2EEBF487897C}.Release|Any CPU.Build.0 = Release|Any CPU
		{5168D067-BF8B-4F04-A86D-6B4FA5C82E4A}.Debug|Any CPU.ActiveCfg = Debug|Any CPU
		{5168D067-BF8B-4F04-A86D-6B4FA5C82E4A}.Debug|Any CPU.Build.0 = Debug|Any CPU
		{5168D067-BF8B-4F04-A86D-6B4FA5C82E4A}.Release|Any CPU.ActiveCfg = Release|Any CPU
		{5168D067-BF8B-4F04-A86D-6B4FA5C82E4A}.Release|Any CPU.Build.0 = Release|Any CPU
		{8B89D714-5A27-4D11-B1F8-1AC728813FBB}.Debug|Any CPU.ActiveCfg = Debug|Any CPU
		{8B89D714-5A27-4D11-B1F8-1AC728813FBB}.Debug|Any CPU.Build.0 = Debug|Any CPU
		{8B89D714-5A27-4D11-B1F8-1AC728813FBB}.Release|Any CPU.ActiveCfg = Release|Any CPU
		{8B89D714-5A27-4D11-B1F8-1AC728813FBB}.Release|Any CPU.Build.0 = Release|Any CPU
		{1CFEB910-4A91-4B18-BA98-5FD1701A4453}.Debug|Any CPU.ActiveCfg = Debug|Any CPU
		{1CFEB910-4A91-4B18-BA98-5FD1701A4453}.Debug|Any CPU.Build.0 = Debug|Any CPU
		{1CFEB910-4A91-4B18-BA98-5FD1701A4453}.Release|Any CPU.ActiveCfg = Release|Any CPU
		{1CFEB910-4A91-4B18-BA98-5FD1701A4453}.Release|Any CPU.Build.0 = Release|Any CPU
		{A6ED91DE-497A-4AC1-AC47-961823B3ED0C}.Debug|Any CPU.ActiveCfg = Debug|Any CPU
		{A6ED91DE-497A-4AC1-AC47-961823B3ED0C}.Debug|Any CPU.Build.0 = Debug|Any CPU
		{A6ED91DE-497A-4AC1-AC47-961823B3ED0C}.Release|Any CPU.ActiveCfg = Release|Any CPU
		{A6ED91DE-497A-4AC1-AC47-961823B3ED0C}.Release|Any CPU.Build.0 = Release|Any CPU
	EndGlobalSection
	GlobalSection(SolutionProperties) = preSolution
		HideSolutionNode = FALSE
	EndGlobalSection
	GlobalSection(ExtensibilityGlobals) = postSolution
		SolutionGuid = {529D305A-B97D-4DE8-AA74-C58DC8BEC8D5}
	EndGlobalSection
EndGlobal
